{
  "name": "scripts",
  "version": "1.0.0",
  "lockfileVersion": 3,
  "requires": true,
  "packages": {
    "": {
      "name": "scripts",
      "version": "1.0.0",
      "license": "ISC",
      "bin": {
        "appError-scaffold": "appError-scaffold.js",
        "asyncHandler-scaffold": "asyncHandler-scaffold.js",
        "auth-scaffold": "auth-scaffold.js",
        "authMidd-scaffold": "authMidd-scaffold.js",
        "error-handler-scaffold": "error-handler-scaffold.js",
        "errorHandler-scaffold": "errorHandler-scaffold.js",
        "git-push": "git-push.js",
        "logger-scaffold": "logger-scaffold.js",
        "logout-scaffold": "logout-scaffold.js",
        "prettier-ignore-scaffold": "prettier-ignore-scaffold.js",
        "prettier-scaffold": "prettier-scaffold.js"
      }
    }
  }
}
